// !$*UTF8*$!
{
	archiveVersion = 1;
	classes = {
	};
	objectVersion = 50;
	objects = {

/* Begin PBXBuildFile section */
		04632622BD18F2ABF0778D8C /* Pods_BNKApp.framework in Frameworks */ = {isa = PBXBuildFile; fileRef = 2B6DB24CD7C853BB0720CA4F /* Pods_BNKApp.framework */; };
		9CBF7C9E20E0C43A00BFAC2F /* AppDelegate.swift in Sources */ = {isa = PBXBuildFile; fileRef = 9CBF7C9D20E0C43A00BFAC2F /* AppDelegate.swift */; };
		9CBF7CA020E0C43A00BFAC2F /* ViewController.swift in Sources */ = {isa = PBXBuildFile; fileRef = 9CBF7C9F20E0C43A00BFAC2F /* ViewController.swift */; };
		9CBF7CA320E0C43A00BFAC2F /* Main.storyboard in Resources */ = {isa = PBXBuildFile; fileRef = 9CBF7CA120E0C43A00BFAC2F /* Main.storyboard */; };
		9CBF7CA520E0C43C00BFAC2F /* Assets.xcassets in Resources */ = {isa = PBXBuildFile; fileRef = 9CBF7CA420E0C43C00BFAC2F /* Assets.xcassets */; };
		9CBF7CA820E0C43C00BFAC2F /* LaunchScreen.storyboard in Resources */ = {isa = PBXBuildFile; fileRef = 9CBF7CA620E0C43C00BFAC2F /* LaunchScreen.storyboard */; };
/* End PBXBuildFile section */

/* Begin PBXFileReference section */
		2B6DB24CD7C853BB0720CA4F /* Pods_BNKApp.framework */ = {isa = PBXFileReference; explicitFileType = wrapper.framework; includeInIndex = 0; path = Pods_BNKApp.framework; sourceTree = BUILT_PRODUCTS_DIR; };
		9CBF7C9A20E0C43A00BFAC2F /* BNKApp.app */ = {isa = PBXFileReference; explicitFileType = wrapper.application; includeInIndex = 0; path = BNKApp.app; sourceTree = BUILT_PRODUCTS_DIR; };
		9CBF7C9D20E0C43A00BFAC2F /* AppDelegate.swift */ = {isa = PBXFileReference; lastKnownFileType = sourcecode.swift; path = AppDelegate.swift; sourceTree = "<group>"; };
		9CBF7C9F20E0C43A00BFAC2F /* ViewController.swift */ = {isa = PBXFileReference; lastKnownFileType = sourcecode.swift; path = ViewController.swift; sourceTree = "<group>"; };
		9CBF7CA220E0C43A00BFAC2F /* Base */ = {isa = PBXFileReference; lastKnownFileType = file.storyboard; name = Base; path = Base.lproj/Main.storyboard; sourceTree = "<group>"; };
		9CBF7CA420E0C43C00BFAC2F /* Assets.xcassets */ = {isa = PBXFileReference; lastKnownFileType = folder.assetcatalog; path = Assets.xcassets; sourceTree = "<group>"; };
		9CBF7CA720E0C43C00BFAC2F /* Base */ = {isa = PBXFileReference; lastKnownFileType = file.storyboard; name = Base; path = Base.lproj/LaunchScreen.storyboard; sourceTree = "<group>"; };
		9CBF7CA920E0C43C00BFAC2F /* Info.plist */ = {isa = PBXFileReference; lastKnownFileType = text.plist.xml; path = Info.plist; sourceTree = "<group>"; };
		CBDAA83683A95A8353811301 /* Pods-BNKApp.release.xcconfig */ = {isa = PBXFileReference; includeInIndex = 1; lastKnownFileType = text.xcconfig; name = "Pods-BNKApp.release.xcconfig"; path = "Pods/Target Support Files/Pods-BNKApp/Pods-BNKApp.release.xcconfig"; sourceTree = "<group>"; };
		D725D127D8AD310BD160EEC1 /* Pods-BNKApp.debug.xcconfig */ = {isa = PBXFileReference; includeInIndex = 1; lastKnownFileType = text.xcconfig; name = "Pods-BNKApp.debug.xcconfig"; path = "Pods/Target Support Files/Pods-BNKApp/Pods-BNKApp.debug.xcconfig"; sourceTree = "<group>"; };
/* End PBXFileReference section */

/* Begin PBXFrameworksBuildPhase section */
		9CBF7C9720E0C43A00BFAC2F /* Frameworks */ = {
			isa = PBXFrameworksBuildPhase;
			buildActionMask = 2147483647;
			files = (
				04632622BD18F2ABF0778D8C /* Pods_BNKApp.framework in Frameworks */,
			);
			runOnlyForDeploymentPostprocessing = 0;
		};
/* End PBXFrameworksBuildPhase section */

/* Begin PBXGroup section */
		20FE450A050EB49D8A9F67AD /* Pods */ = {
			isa = PBXGroup;
			children = (
				D725D127D8AD310BD160EEC1 /* Pods-BNKApp.debug.xcconfig */,
				CBDAA83683A95A8353811301 /* Pods-BNKApp.release.xcconfig */,
			);
			name = Pods;
			sourceTree = "<group>";
		};
		9CBF7C9120E0C43A00BFAC2F = {
			isa = PBXGroup;
			children = (
				9CBF7C9C20E0C43A00BFAC2F /* BNKApp */,
				9CBF7C9B20E0C43A00BFAC2F /* Products */,
				20FE450A050EB49D8A9F67AD /* Pods */,
				DF6317415F09A3F8470C4935 /* Frameworks */,
			);
			sourceTree = "<group>";
		};
		9CBF7C9B20E0C43A00BFAC2F /* Products */ = {
			isa = PBXGroup;
			children = (
				9CBF7C9A20E0C43A00BFAC2F /* BNKApp.app */,
			);
			name = Products;
			sourceTree = "<group>";
		};
		9CBF7C9C20E0C43A00BFAC2F /* BNKApp */ = {
			isa = PBXGroup;
			children = (
				9CBF7C9D20E0C43A00BFAC2F /* AppDelegate.swift */,
				9CBF7C9F20E0C43A00BFAC2F /* ViewController.swift */,
				9CBF7CA120E0C43A00BFAC2F /* Main.storyboard */,
				9CBF7CA420E0C43C00BFAC2F /* Assets.xcassets */,
				9CBF7CA620E0C43C00BFAC2F /* LaunchScreen.storyboard */,
				9CBF7CA920E0C43C00BFAC2F /* Info.plist */,
			);
			path = BNKApp;
			sourceTree = "<group>";
		};
		DF6317415F09A3F8470C4935 /* Frameworks */ = {
			isa = PBXGroup;
			children = (
				2B6DB24CD7C853BB0720CA4F /* Pods_BNKApp.framework */,
			);
			name = Frameworks;
			sourceTree = "<group>";
		};
/* End PBXGroup section */

/* Begin PBXNativeTarget section */
		9CBF7C9920E0C43A00BFAC2F /* BNKApp */ = {
			isa = PBXNativeTarget;
			buildConfigurationList = 9CBF7CAC20E0C43C00BFAC2F /* Build configuration list for PBXNativeTarget "BNKApp" */;
			buildPhases = (
				B92CD005A2C135003A76B88F /* [CP] Check Pods Manifest.lock */,
				9CBF7C9620E0C43A00BFAC2F /* Sources */,
				9CBF7C9720E0C43A00BFAC2F /* Frameworks */,
				9CBF7C9820E0C43A00BFAC2F /* Resources */,
				5A4753385C38A9DECCDAC291 /* [CP] Embed Pods Frameworks */,
			);
			buildRules = (
			);
			dependencies = (
			);
			name = BNKApp;
			productName = BNKApp;
			productReference = 9CBF7C9A20E0C43A00BFAC2F /* BNKApp.app */;
			productType = "com.apple.product-type.application";
		};
/* End PBXNativeTarget section */

/* Begin PBXProject section */
		9CBF7C9220E0C43A00BFAC2F /* Project object */ = {
			isa = PBXProject;
			attributes = {
				LastSwiftUpdateCheck = 0940;
				LastUpgradeCheck = 0940;
				ORGANIZATIONNAME = chayarak;
				TargetAttributes = {
					9CBF7C9920E0C43A00BFAC2F = {
						CreatedOnToolsVersion = 9.4;
					};
				};
			};
			buildConfigurationList = 9CBF7C9520E0C43A00BFAC2F /* Build configuration list for PBXProject "BNKApp" */;
			compatibilityVersion = "Xcode 9.3";
			developmentRegion = en;
			hasScannedForEncodings = 0;
			knownRegions = (
				en,
				Base,
			);
			mainGroup = 9CBF7C9120E0C43A00BFAC2F;
			productRefGroup = 9CBF7C9B20E0C43A00BFAC2F /* Products */;
			projectDirPath = "";
			projectRoot = "";
			targets = (
				9CBF7C9920E0C43A00BFAC2F /* BNKApp */,
			);
		};
/* End PBXProject section */

/* Begin PBXResourcesBuildPhase section */
		9CBF7C9820E0C43A00BFAC2F /* Resources */ = {
			isa = PBXResourcesBuildPhase;
			buildActionMask = 2147483647;
			files = (
				9CBF7CA820E0C43C00BFAC2F /* LaunchScreen.storyboard in Resources */,
				9CBF7CA520E0C43C00BFAC2F /* Assets.xcassets in Resources */,
				9CBF7CA320E0C43A00BFAC2F /* Main.storyboard in Resources */,
			);
			runOnlyForDeploymentPostprocessing = 0;
		};
/* End PBXResourcesBuildPhase section */

/* Begin PBXShellScriptBuildPhase section */
		5A4753385C38A9DECCDAC291 /* [CP] Embed Pods Frameworks */ = {
			isa = PBXShellScriptBuildPhase;
			buildActionMask = 2147483647;
			files = (
			);
			inputPaths = (
				"${SRCROOT}/Pods/Target Support Files/Pods-BNKApp/Pods-BNKApp-frameworks.sh",
				"${BUILT_PRODUCTS_DIR}/Alamofire/Alamofire.framework",
				"${BUILT_PRODUCTS_DIR}/AlamofireImage/AlamofireImage.framework",
				"${BUILT_PRODUCTS_DIR}/AlamofireObjectMapper/AlamofireObjectMapper.framework",
				"${BUILT_PRODUCTS_DIR}/ObjectMapper/ObjectMapper.framework",
			);
			name = "[CP] Embed Pods Frameworks";
			outputPaths = (
				"${TARGET_BUILD_DIR}/${FRAMEWORKS_FOLDER_PATH}/Alamofire.framework",
				"${TARGET_BUILD_DIR}/${FRAMEWORKS_FOLDER_PATH}/AlamofireImage.framework",
				"${TARGET_BUILD_DIR}/${FRAMEWORKS_FOLDER_PATH}/AlamofireObjectMapper.framework",
				"${TARGET_BUILD_DIR}/${FRAMEWORKS_FOLDER_PATH}/ObjectMapper.framework",
			);
			runOnlyForDeploymentPostprocessing = 0;
			shellPath = /bin/sh;
			shellScript = "\"${SRCROOT}/Pods/Target Support Files/Pods-BNKApp/Pods-BNKApp-frameworks.sh\"\n";
			showEnvVarsInLog = 0;
		};
		B92CD005A2C135003A76B88F /* [CP] Check Pods Manifest.lock */ = {
			isa = PBXShellScriptBuildPhase;
			buildActionMask = 2147483647;
			files = (
			);
			inputPaths = (
				"${PODS_PODFILE_DIR_PATH}/Podfile.lock",
				"${PODS_ROOT}/Manifest.lock",
			);
			name = "[CP] Check Pods Manifest.lock";
			outputPaths = (
				"$(DERIVED_FILE_DIR)/Pods-BNKApp-checkManifestLockResult.txt",
			);
			runOnlyForDeploymentPostprocessing = 0;
			shellPath = /bin/sh;
			shellScript = "diff \"${PODS_PODFILE_DIR_PATH}/Podfile.lock\" \"${PODS_ROOT}/Manifest.lock\" > /dev/null\nif [ $? != 0 ] ; then\n    # print error to STDERR\n    echo \"error: The sandbox is not in sync with the Podfile.lock. Run 'pod install' or update your CocoaPods installation.\" >&2\n    exit 1\nfi\n# This output is used by Xcode 'outputs' to avoid re-running this script phase.\necho \"SUCCESS\" > \"${SCRIPT_OUTPUT_FILE_0}\"\n";
			showEnvVarsInLog = 0;
		};
/* End PBXShellScriptBuildPhase section */

/* Begin PBXSourcesBuildPhase section */
		9CBF7C9620E0C43A00BFAC2F /* Sources */ = {
			isa = PBXSourcesBuildPhase;
			buildActionMask = 2147483647;
			files = (
				9CBF7CA020E0C43A00BFAC2F /* ViewController.swift in Sources */,
				9CBF7C9E20E0C43A00BFAC2F /* AppDelegate.swift in Sources */,
			);
			runOnlyForDeploymentPostprocessing = 0;
		};
/* End PBXSourcesBuildPhase section */

/* Begin PBXVariantGroup section */
		9CBF7CA120E0C43A00BFAC2F /* Main.storyboard */ = {
			isa = PBXVariantGroup;
			children = (
				9CBF7CA220E0C43A00BFAC2F /* Base */,
			);
			name = Main.storyboard;
			sourceTree = "<group>";
		};
		9CBF7CA620E0C43C00BFAC2F /* LaunchScreen.storyboard */ = {
			isa = PBXVariantGroup;
			children = (
				9CBF7CA720E0C43C00BFAC2F /* Base */,
			);
			name = LaunchScreen.storyboard;
			sourceTree = "<group>";
		};
/* End PBXVariantGroup section */

/* Begin XCBuildConfiguration section */
		9CBF7CAA20E0C43C00BFAC2F /* Debug */ = {
			isa = XCBuildConfiguration;
			buildSettings = {
				ALWAYS_SEARCH_USER_PATHS = NO;
				CLANG_ANALYZER_NONNULL = YES;
				CLANG_ANALYZER_NUMBER_OBJECT_CONVERSION = YES_AGGRESSIVE;
				CLANG_CXX_LANGUAGE_STANDARD = "gnu++14";
				CLANG_CXX_LIBRARY = "libc++";
				CLANG_ENABLE_MODULES = YES;
				CLANG_ENABLE_OBJC_ARC = YES;
				CLANG_ENABLE_OBJC_WEAK = YES;
				CLANG_WARN_BLOCK_CAPTURE_AUTORELEASING = YES;
				CLANG_WARN_BOOL_CONVERSION = YES;
				CLANG_WARN_COMMA = YES;
				CLANG_WARN_CONSTANT_CONVERSION = YES;
				CLANG_WARN_DEPRECATED_OBJC_IMPLEMENTATIONS = YES;
				CLANG_WARN_DIRECT_OBJC_ISA_USAGE = YES_ERROR;
				CLANG_WARN_DOCUMENTATION_COMMENTS = YES;
				CLANG_WARN_EMPTY_BODY = YES;
				CLANG_WARN_ENUM_CONVERSION = YES;
				CLANG_WARN_INFINITE_RECURSION = YES;
				CLANG_WARN_INT_CONVERSION = YES;
				CLANG_WARN_NON_LITERAL_NULL_CONVERSION = YES;
				CLANG_WARN_OBJC_IMPLICIT_RETAIN_SELF = YES;
				CLANG_WARN_OBJC_LITERAL_CONVERSION = YES;
				CLANG_WARN_OBJC_ROOT_CLASS = YES_ERROR;
				CLANG_WARN_RANGE_LOOP_ANALYSIS = YES;
				CLANG_WARN_STRICT_PROTOTYPES = YES;
				CLANG_WARN_SUSPICIOUS_MOVE = YES;
				CLANG_WARN_UNGUARDED_AVAILABILITY = YES_AGGRESSIVE;
				CLANG_WARN_UNREACHABLE_CODE = YES;
				CLANG_WARN__DUPLICATE_METHOD_MATCH = YES;
				CODE_SIGN_IDENTITY = "iPhone Developer";
				COPY_PHASE_STRIP = NO;
				DEBUG_INFORMATION_FORMAT = dwarf;
				ENABLE_STRICT_OBJC_MSGSEND = YES;
				ENABLE_TESTABILITY = YES;
				GCC_C_LANGUAGE_STANDARD = gnu11;
				GCC_DYNAMIC_NO_PIC = NO;
				GCC_NO_COMMON_BLOCKS = YES;
				GCC_OPTIMIZATION_LEVEL = 0;
				GCC_PREPROCESSOR_DEFINITIONS = (
					"DEBUG=1",
					"$(inherited)",
				);
				GCC_WARN_64_TO_32_BIT_CONVERSION = YES;
				GCC_WARN_ABOUT_RETURN_TYPE = YES_ERROR;
				GCC_WARN_UNDECLARED_SELECTOR = YES;
				GCC_WARN_UNINITIALIZED_AUTOS = YES_AGGRESSIVE;
				GCC_WARN_UNUSED_FUNCTION = YES;
				GCC_WARN_UNUSED_VARIABLE = YES;
				IPHONEOS_DEPLOYMENT_TARGET = 11.4;
				MTL_ENABLE_DEBUG_INFO = YES;
				ONLY_ACTIVE_ARCH = YES;
				SDKROOT = iphoneos;
				SWIFT_ACTIVE_COMPILATION_CONDITIONS = DEBUG;
				SWIFT_OPTIMIZATION_LEVEL = "-Onone";
			};
			name = Debug;
		};
		9CBF7CAB20E0C43C00BFAC2F /* Release */ = {
			isa = XCBuildConfiguration;
			buildSettings = {
				ALWAYS_SEARCH_USER_PATHS = NO;
				CLANG_ANALYZER_NONNULL = YES;
				CLANG_ANALYZER_NUMBER_OBJECT_CONVERSION = YES_AGGRESSIVE;
				CLANG_CXX_LANGUAGE_STANDARD = "gnu++14";
				CLANG_CXX_LIBRARY = "libc++";
				CLANG_ENABLE_MODULES = YES;
				CLANG_ENABLE_OBJC_ARC = YES;
				CLANG_ENABLE_OBJC_WEAK = YES;
				CLANG_WARN_BLOCK_CAPTURE_AUTORELEASING = YES;
				CLANG_WARN_BOOL_CONVERSION = YES;
				CLANG_WARN_COMMA = YES;
				CLANG_WARN_CONSTANT_CONVERSION = YES;
				CLANG_WARN_DEPRECATED_OBJC_IMPLEMENTATIONS = YES;
				CLANG_WARN_DIRECT_OBJC_ISA_USAGE = YES_ERROR;
				CLANG_WARN_DOCUMENTATION_COMMENTS = YES;
				CLANG_WARN_EMPTY_BODY = YES;
				CLANG_WARN_ENUM_CONVERSION = YES;
				CLANG_WARN_INFINITE_RECURSION = YES;
				CLANG_WARN_INT_CONVERSION = YES;
				CLANG_WARN_NON_LITERAL_NULL_CONVERSION = YES;
				CLANG_WARN_OBJC_IMPLICIT_RETAIN_SELF = YES;
				CLANG_WARN_OBJC_LITERAL_CONVERSION = YES;
				CLANG_WARN_OBJC_ROOT_CLASS = YES_ERROR;
				CLANG_WARN_RANGE_LOOP_ANALYSIS = YES;
				CLANG_WARN_STRICT_PROTOTYPES = YES;
				CLANG_WARN_SUSPICIOUS_MOVE = YES;
				CLANG_WARN_UNGUARDED_AVAILABILITY = YES_AGGRESSIVE;
				CLANG_WARN_UNREACHABLE_CODE = YES;
				CLANG_WARN__DUPLICATE_METHOD_MATCH = YES;
				CODE_SIGN_IDENTITY = "iPhone Developer";
				COPY_PHASE_STRIP = NO;
				DEBUG_INFORMATION_FORMAT = "dwarf-with-dsym";
				ENABLE_NS_ASSERTIONS = NO;
				ENABLE_STRICT_OBJC_MSGSEND = YES;
				GCC_C_LANGUAGE_STANDARD = gnu11;
				GCC_NO_COMMON_BLOCKS = YES;
				GCC_WARN_64_TO_32_BIT_CONVERSION = YES;
				GCC_WARN_ABOUT_RETURN_TYPE = YES_ERROR;
				GCC_WARN_UNDECLARED_SELECTOR = YES;
				GCC_WARN_UNINITIALIZED_AUTOS = YES_AGGRESSIVE;
				GCC_WARN_UNUSED_FUNCTION = YES;
				GCC_WARN_UNUSED_VARIABLE = YES;
				IPHONEOS_DEPLOYMENT_TARGET = 11.4;
				MTL_ENABLE_DEBUG_INFO = NO;
				SDKROOT = iphoneos;
				SWIFT_COMPILATION_MODE = wholemodule;
				SWIFT_OPTIMIZATION_LEVEL = "-O";
				VALIDATE_PRODUCT = YES;
			};
			name = Release;
		};
		9CBF7CAD20E0C43C00BFAC2F /* Debug */ = {
			isa = XCBuildConfiguration;
			baseConfigurationReference = D725D127D8AD310BD160EEC1 /* Pods-BNKApp.debug.xcconfig */;
			buildSettings = {
				ASSETCATALOG_COMPILER_APPICON_NAME = AppIcon;
				CODE_SIGN_STYLE = Automatic;
				INFOPLIST_FILE = BNKApp/Info.plist;
				LD_RUNPATH_SEARCH_PATHS = "$(inherited) @executable_path/Frameworks";
				PRODUCT_BUNDLE_IDENTIFIER = com.example.BNKApp;
				PRODUCT_NAME = "$(TARGET_NAME)";
				SWIFT_VERSION = 4.0;
				TARGETED_DEVICE_FAMILY = "1,2";
			};
			name = Debug;
		};
		9CBF7CAE20E0C43C00BFAC2F /* Release */ = {
			isa = XCBuildConfiguration;
			baseConfigurationReference = CBDAA83683A95A8353811301 /* Pods-BNKApp.release.xcconfig */;
			buildSettings = {
				ASSETCATALOG_COMPILER_APPICON_NAME = AppIcon;
				CODE_SIGN_STYLE = Automatic;
				INFOPLIST_FILE = BNKApp/Info.plist;
				LD_RUNPATH_SEARCH_PATHS = "$(inherited) @executable_path/Frameworks";
				PRODUCT_BUNDLE_IDENTIFIER = com.example.BNKApp;
				PRODUCT_NAME = "$(TARGET_NAME)";
				SWIFT_VERSION = 4.0;
				TARGETED_DEVICE_FAMILY = "1,2";
			};
			name = Release;
		};
/* End XCBuildConfiguration section */

/* Begin XCConfigurationList section */
		9CBF7C9520E0C43A00BFAC2F /* Build configuration list for PBXProject "BNKApp" */ = {
			isa = XCConfigurationList;
			buildConfigurations = (
				9CBF7CAA20E0C43C00BFAC2F /* Debug */,
				9CBF7CAB20E0C43C00BFAC2F /* Release */,
			);
			defaultConfigurationIsVisible = 0;
			defaultConfigurationName = Release;
		};
		9CBF7CAC20E0C43C00BFAC2F /* Build configuration list for PBXNativeTarget "BNKApp" */ = {
			isa = XCConfigurationList;
			buildConfigurations = (
				9CBF7CAD20E0C43C00BFAC2F /* Debug */,
				9CBF7CAE20E0C43C00BFAC2F /* Release */,
			);
			defaultConfigurationIsVisible = 0;
			defaultConfigurationName = Release;
		};
/* End XCConfigurationList section */
	};
	rootObject = 9CBF7C9220E0C43A00BFAC2F /* Project object */;
}
